// !$*UTF8*$!
{
	archiveVersion = 1;
	classes = {
	};
	objectVersion = 46;
	objects = {

/* Begin PBXBuildFile section */
		93C9D999CC51D04D293FAEBA /* Pods_MatAppen.framework in Frameworks */ = {isa = PBXBuildFile; fileRef = 3ADECA7624EE71B3B2AAE911 /* Pods_MatAppen.framework */; };
		E934528B1E65785F00F97E6C /* GraphViewController.swift in Sources */ = {isa = PBXBuildFile; fileRef = E934528A1E65785F00F97E6C /* GraphViewController.swift */; };
		E934528F1E65B57200F97E6C /* GraphHelper.swift in Sources */ = {isa = PBXBuildFile; fileRef = E934528E1E65B57200F97E6C /* GraphHelper.swift */; };
		E948D2091E5C2CB3004FF6A9 /* MainTableViewController.swift in Sources */ = {isa = PBXBuildFile; fileRef = E948D2081E5C2CB3004FF6A9 /* MainTableViewController.swift */; };
		E948D20B1E5C4F02004FF6A9 /* Food.swift in Sources */ = {isa = PBXBuildFile; fileRef = E948D20A1E5C4F02004FF6A9 /* Food.swift */; };
		E948D2111E5DE8E8004FF6A9 /* DetailViewController.swift in Sources */ = {isa = PBXBuildFile; fileRef = E948D2101E5DE8E8004FF6A9 /* DetailViewController.swift */; };
		E960A4D61E5EFDEC004A9E4C /* FavoriteTableTableViewController.swift in Sources */ = {isa = PBXBuildFile; fileRef = E960A4D51E5EFDEC004A9E4C /* FavoriteTableTableViewController.swift */; };
		E9D8C10F1E5B2A490096B768 /* AppDelegate.swift in Sources */ = {isa = PBXBuildFile; fileRef = E9D8C10E1E5B2A490096B768 /* AppDelegate.swift */; };
		E9D8C1111E5B2A490096B768 /* ViewController.swift in Sources */ = {isa = PBXBuildFile; fileRef = E9D8C1101E5B2A490096B768 /* ViewController.swift */; };
		E9D8C1141E5B2A490096B768 /* Main.storyboard in Resources */ = {isa = PBXBuildFile; fileRef = E9D8C1121E5B2A490096B768 /* Main.storyboard */; };
		E9D8C1161E5B2A490096B768 /* Assets.xcassets in Resources */ = {isa = PBXBuildFile; fileRef = E9D8C1151E5B2A490096B768 /* Assets.xcassets */; };
		E9D8C1191E5B2A490096B768 /* LaunchScreen.storyboard in Resources */ = {isa = PBXBuildFile; fileRef = E9D8C1171E5B2A490096B768 /* LaunchScreen.storyboard */; };
		E9D8C1211E5B2BBC0096B768 /* CustomTableViewCell.swift in Sources */ = {isa = PBXBuildFile; fileRef = E9D8C1201E5B2BBC0096B768 /* CustomTableViewCell.swift */; };
		E9D8C1231E5B2ED90096B768 /* ParseHelper.swift in Sources */ = {isa = PBXBuildFile; fileRef = E9D8C1221E5B2ED90096B768 /* ParseHelper.swift */; };
/* End PBXBuildFile section */

/* Begin PBXFileReference section */
		3ADECA7624EE71B3B2AAE911 /* Pods_MatAppen.framework */ = {isa = PBXFileReference; explicitFileType = wrapper.framework; includeInIndex = 0; path = Pods_MatAppen.framework; sourceTree = BUILT_PRODUCTS_DIR; };
		9613438D76B6E3D44A695AE1 /* Pods-MatAppen.debug.xcconfig */ = {isa = PBXFileReference; includeInIndex = 1; lastKnownFileType = text.xcconfig; name = "Pods-MatAppen.debug.xcconfig"; path = "Pods/Target Support Files/Pods-MatAppen/Pods-MatAppen.debug.xcconfig"; sourceTree = "<group>"; };
		9B1CD109AB3FADD0A4D8D649 /* Pods-MatAppen.release.xcconfig */ = {isa = PBXFileReference; includeInIndex = 1; lastKnownFileType = text.xcconfig; name = "Pods-MatAppen.release.xcconfig"; path = "Pods/Target Support Files/Pods-MatAppen/Pods-MatAppen.release.xcconfig"; sourceTree = "<group>"; };
		E934528A1E65785F00F97E6C /* GraphViewController.swift */ = {isa = PBXFileReference; fileEncoding = 4; lastKnownFileType = sourcecode.swift; path = GraphViewController.swift; sourceTree = "<group>"; };
		E934528E1E65B57200F97E6C /* GraphHelper.swift */ = {isa = PBXFileReference; fileEncoding = 4; lastKnownFileType = sourcecode.swift; path = GraphHelper.swift; sourceTree = "<group>"; };
		E948D2081E5C2CB3004FF6A9 /* MainTableViewController.swift */ = {isa = PBXFileReference; fileEncoding = 4; lastKnownFileType = sourcecode.swift; path = MainTableViewController.swift; sourceTree = "<group>"; };
		E948D20A1E5C4F02004FF6A9 /* Food.swift */ = {isa = PBXFileReference; fileEncoding = 4; lastKnownFileType = sourcecode.swift; path = Food.swift; sourceTree = "<group>"; };
		E948D2101E5DE8E8004FF6A9 /* DetailViewController.swift */ = {isa = PBXFileReference; fileEncoding = 4; lastKnownFileType = sourcecode.swift; path = DetailViewController.swift; sourceTree = "<group>"; };
		E960A4D51E5EFDEC004A9E4C /* FavoriteTableTableViewController.swift */ = {isa = PBXFileReference; fileEncoding = 4; lastKnownFileType = sourcecode.swift; path = FavoriteTableTableViewController.swift; sourceTree = "<group>"; };
		E9D8C10B1E5B2A490096B768 /* MatAppen.app */ = {isa = PBXFileReference; explicitFileType = wrapper.application; includeInIndex = 0; path = MatAppen.app; sourceTree = BUILT_PRODUCTS_DIR; };
		E9D8C10E1E5B2A490096B768 /* AppDelegate.swift */ = {isa = PBXFileReference; lastKnownFileType = sourcecode.swift; path = AppDelegate.swift; sourceTree = "<group>"; };
		E9D8C1101E5B2A490096B768 /* ViewController.swift */ = {isa = PBXFileReference; lastKnownFileType = sourcecode.swift; path = ViewController.swift; sourceTree = "<group>"; };
		E9D8C1131E5B2A490096B768 /* Base */ = {isa = PBXFileReference; lastKnownFileType = file.storyboard; name = Base; path = Base.lproj/Main.storyboard; sourceTree = "<group>"; };
		E9D8C1151E5B2A490096B768 /* Assets.xcassets */ = {isa = PBXFileReference; lastKnownFileType = folder.assetcatalog; path = Assets.xcassets; sourceTree = "<group>"; };
		E9D8C1181E5B2A490096B768 /* Base */ = {isa = PBXFileReference; lastKnownFileType = file.storyboard; name = Base; path = Base.lproj/LaunchScreen.storyboard; sourceTree = "<group>"; };
		E9D8C11A1E5B2A490096B768 /* Info.plist */ = {isa = PBXFileReference; lastKnownFileType = text.plist.xml; path = Info.plist; sourceTree = "<group>"; };
		E9D8C1201E5B2BBC0096B768 /* CustomTableViewCell.swift */ = {isa = PBXFileReference; fileEncoding = 4; lastKnownFileType = sourcecode.swift; path = CustomTableViewCell.swift; sourceTree = "<group>"; };
		E9D8C1221E5B2ED90096B768 /* ParseHelper.swift */ = {isa = PBXFileReference; fileEncoding = 4; lastKnownFileType = sourcecode.swift; path = ParseHelper.swift; sourceTree = "<group>"; };
/* End PBXFileReference section */

/* Begin PBXFrameworksBuildPhase section */
		E9D8C1081E5B2A490096B768 /* Frameworks */ = {
			isa = PBXFrameworksBuildPhase;
			buildActionMask = 2147483647;
			files = (
				93C9D999CC51D04D293FAEBA /* Pods_MatAppen.framework in Frameworks */,
			);
			runOnlyForDeploymentPostprocessing = 0;
		};
/* End PBXFrameworksBuildPhase section */

/* Begin PBXGroup section */
		57900490E96F1164823658CF /* Pods */ = {
			isa = PBXGroup;
			children = (
				9613438D76B6E3D44A695AE1 /* Pods-MatAppen.debug.xcconfig */,
				9B1CD109AB3FADD0A4D8D649 /* Pods-MatAppen.release.xcconfig */,
			);
			name = Pods;
			sourceTree = "<group>";
		};
		ABB9BC340856CEF3B06F9607 /* Frameworks */ = {
			isa = PBXGroup;
			children = (
				3ADECA7624EE71B3B2AAE911 /* Pods_MatAppen.framework */,
			);
			name = Frameworks;
			sourceTree = "<group>";
		};
		E9D8C1021E5B2A490096B768 = {
			isa = PBXGroup;
			children = (
				E9D8C10D1E5B2A490096B768 /* MatAppen */,
				E9D8C10C1E5B2A490096B768 /* Products */,
				57900490E96F1164823658CF /* Pods */,
				ABB9BC340856CEF3B06F9607 /* Frameworks */,
			);
			sourceTree = "<group>";
		};
		E9D8C10C1E5B2A490096B768 /* Products */ = {
			isa = PBXGroup;
			children = (
				E9D8C10B1E5B2A490096B768 /* MatAppen.app */,
			);
			name = Products;
			sourceTree = "<group>";
		};
		E9D8C10D1E5B2A490096B768 /* MatAppen */ = {
			isa = PBXGroup;
			children = (
				E9D8C10E1E5B2A490096B768 /* AppDelegate.swift */,
				E9D8C1201E5B2BBC0096B768 /* CustomTableViewCell.swift */,
				E9D8C1101E5B2A490096B768 /* ViewController.swift */,
				E948D2081E5C2CB3004FF6A9 /* MainTableViewController.swift */,
				E9D8C1121E5B2A490096B768 /* Main.storyboard */,
				E9D8C1151E5B2A490096B768 /* Assets.xcassets */,
				E9D8C1171E5B2A490096B768 /* LaunchScreen.storyboard */,
				E9D8C11A1E5B2A490096B768 /* Info.plist */,
				E9D8C1221E5B2ED90096B768 /* ParseHelper.swift */,
				E948D20A1E5C4F02004FF6A9 /* Food.swift */,
				E948D2101E5DE8E8004FF6A9 /* DetailViewController.swift */,
				E960A4D51E5EFDEC004A9E4C /* FavoriteTableTableViewController.swift */,
				E934528A1E65785F00F97E6C /* GraphViewController.swift */,
				E934528E1E65B57200F97E6C /* GraphHelper.swift */,
			);
			path = MatAppen;
			sourceTree = "<group>";
		};
/* End PBXGroup section */

/* Begin PBXNativeTarget section */
		E9D8C10A1E5B2A490096B768 /* MatAppen */ = {
			isa = PBXNativeTarget;
			buildConfigurationList = E9D8C11D1E5B2A490096B768 /* Build configuration list for PBXNativeTarget "MatAppen" */;
			buildPhases = (
				86F29781E7FD153A2A6DFEAB /* [CP] Check Pods Manifest.lock */,
				E9D8C1071E5B2A490096B768 /* Sources */,
				E9D8C1081E5B2A490096B768 /* Frameworks */,
				E9D8C1091E5B2A490096B768 /* Resources */,
				821D0A7B16559B221B9BFB9C /* [CP] Embed Pods Frameworks */,
				3376777D49D9991C2B2C5C83 /* [CP] Copy Pods Resources */,
			);
			buildRules = (
			);
			dependencies = (
			);
			name = MatAppen;
			productName = MatAppen;
			productReference = E9D8C10B1E5B2A490096B768 /* MatAppen.app */;
			productType = "com.apple.product-type.application";
		};
/* End PBXNativeTarget section */

/* Begin PBXProject section */
		E9D8C1031E5B2A490096B768 /* Project object */ = {
			isa = PBXProject;
			attributes = {
				LastSwiftUpdateCheck = 0820;
				LastUpgradeCheck = 0820;
				ORGANIZATIONNAME = "Dervis Kilic";
				TargetAttributes = {
					E9D8C10A1E5B2A490096B768 = {
						CreatedOnToolsVersion = 8.2.1;
						DevelopmentTeam = 8N6T6BSAZ9;
						ProvisioningStyle = Automatic;
					};
				};
			};
			buildConfigurationList = E9D8C1061E5B2A490096B768 /* Build configuration list for PBXProject "MatAppen" */;
			compatibilityVersion = "Xcode 3.2";
			developmentRegion = English;
			hasScannedForEncodings = 0;
			knownRegions = (
				en,
				Base,
			);
			mainGroup = E9D8C1021E5B2A490096B768;
			productRefGroup = E9D8C10C1E5B2A490096B768 /* Products */;
			projectDirPath = "";
			projectRoot = "";
			targets = (
				E9D8C10A1E5B2A490096B768 /* MatAppen */,
			);
		};
/* End PBXProject section */

/* Begin PBXResourcesBuildPhase section */
		E9D8C1091E5B2A490096B768 /* Resources */ = {
			isa = PBXResourcesBuildPhase;
			buildActionMask = 2147483647;
			files = (
				E9D8C1191E5B2A490096B768 /* LaunchScreen.storyboard in Resources */,
				E9D8C1161E5B2A490096B768 /* Assets.xcassets in Resources */,
				E9D8C1141E5B2A490096B768 /* Main.storyboard in Resources */,
			);
			runOnlyForDeploymentPostprocessing = 0;
		};
/* End PBXResourcesBuildPhase section */

/* Begin PBXShellScriptBuildPhase section */
		3376777D49D9991C2B2C5C83 /* [CP] Copy Pods Resources */ = {
			isa = PBXShellScriptBuildPhase;
			buildActionMask = 2147483647;
			files = (
			);
			inputPaths = (
			);
			name = "[CP] Copy Pods Resources";
			outputPaths = (
			);
			runOnlyForDeploymentPostprocessing = 0;
			shellPath = /bin/sh;
			shellScript = "\"${SRCROOT}/Pods/Target Support Files/Pods-MatAppen/Pods-MatAppen-resources.sh\"\n";
			showEnvVarsInLog = 0;
		};
		821D0A7B16559B221B9BFB9C /* [CP] Embed Pods Frameworks */ = {
			isa = PBXShellScriptBuildPhase;
			buildActionMask = 2147483647;
			files = (
			);
			inputPaths = (
			);
			name = "[CP] Embed Pods Frameworks";
			outputPaths = (
			);
			runOnlyForDeploymentPostprocessing = 0;
			shellPath = /bin/sh;
			shellScript = "\"${SRCROOT}/Pods/Target Support Files/Pods-MatAppen/Pods-MatAppen-frameworks.sh\"\n";
			showEnvVarsInLog = 0;
		};
		86F29781E7FD153A2A6DFEAB /* [CP] Check Pods Manifest.lock */ = {
			isa = PBXShellScriptBuildPhase;
			buildActionMask = 2147483647;
			files = (
			);
			inputPaths = (
			);
			name = "[CP] Check Pods Manifest.lock";
			outputPaths = (
			);
			runOnlyForDeploymentPostprocessing = 0;
			shellPath = /bin/sh;
			shellScript = "diff \"${PODS_ROOT}/../Podfile.lock\" \"${PODS_ROOT}/Manifest.lock\" > /dev/null\nif [ $? != 0 ] ; then\n    # print error to STDERR\n    echo \"error: The sandbox is not in sync with the Podfile.lock. Run 'pod install' or update your CocoaPods installation.\" >&2\n    exit 1\nfi\n";
			showEnvVarsInLog = 0;
		};
/* End PBXShellScriptBuildPhase section */

/* Begin PBXSourcesBuildPhase section */
		E9D8C1071E5B2A490096B768 /* Sources */ = {
			isa = PBXSourcesBuildPhase;
			buildActionMask = 2147483647;
			files = (
				E934528B1E65785F00F97E6C /* GraphViewController.swift in Sources */,
				E9D8C1211E5B2BBC0096B768 /* CustomTableViewCell.swift in Sources */,
				E934528F1E65B57200F97E6C /* GraphHelper.swift in Sources */,
				E960A4D61E5EFDEC004A9E4C /* FavoriteTableTableViewController.swift in Sources */,
				E9D8C1111E5B2A490096B768 /* ViewController.swift in Sources */,
				E9D8C10F1E5B2A490096B768 /* AppDelegate.swift in Sources */,
				E948D2091E5C2CB3004FF6A9 /* MainTableViewController.swift in Sources */,
				E9D8C1231E5B2ED90096B768 /* ParseHelper.swift in Sources */,
				E948D20B1E5C4F02004FF6A9 /* Food.swift in Sources */,
				E948D2111E5DE8E8004FF6A9 /* DetailViewController.swift in Sources */,
			);
			runOnlyForDeploymentPostprocessing = 0;
		};
/* End PBXSourcesBuildPhase section */

/* Begin PBXVariantGroup section */
		E9D8C1121E5B2A490096B768 /* Main.storyboard */ = {
			isa = PBXVariantGroup;
			children = (
				E9D8C1131E5B2A490096B768 /* Base */,
			);
			name = Main.storyboard;
			sourceTree = "<group>";
		};
		E9D8C1171E5B2A490096B768 /* LaunchScreen.storyboard */ = {
			isa = PBXVariantGroup;
			children = (
				E9D8C1181E5B2A490096B768 /* Base */,
			);
			name = LaunchScreen.storyboard;
			sourceTree = "<group>";
		};
/* End PBXVariantGroup section */

/* Begin XCBuildConfiguration section */
		E9D8C11B1E5B2A490096B768 /* Debug */ = {
			isa = XCBuildConfiguration;
			buildSettings = {
				ALWAYS_SEARCH_USER_PATHS = NO;
				CLANG_ANALYZER_NONNULL = YES;
				CLANG_CXX_LANGUAGE_STANDARD = "gnu++0x";
				CLANG_CXX_LIBRARY = "libc++";
				CLANG_ENABLE_MODULES = YES;
				CLANG_ENABLE_OBJC_ARC = YES;
				CLANG_WARN_BOOL_CONVERSION = YES;
				CLANG_WARN_CONSTANT_CONVERSION = YES;
				CLANG_WARN_DIRECT_OBJC_ISA_USAGE = YES_ERROR;
				CLANG_WARN_DOCUMENTATION_COMMENTS = YES;
				CLANG_WARN_EMPTY_BODY = YES;
				CLANG_WARN_ENUM_CONVERSION = YES;
				CLANG_WARN_INFINITE_RECURSION = YES;
				CLANG_WARN_INT_CONVERSION = YES;
				CLANG_WARN_OBJC_ROOT_CLASS = YES_ERROR;
				CLANG_WARN_SUSPICIOUS_MOVE = YES;
				CLANG_WARN_UNREACHABLE_CODE = YES;
				CLANG_WARN__DUPLICATE_METHOD_MATCH = YES;
				"CODE_SIGN_IDENTITY[sdk=iphoneos*]" = "iPhone Developer";
				COPY_PHASE_STRIP = NO;
				DEBUG_INFORMATION_FORMAT = dwarf;
				ENABLE_STRICT_OBJC_MSGSEND = YES;
				ENABLE_TESTABILITY = YES;
				GCC_C_LANGUAGE_STANDARD = gnu99;
				GCC_DYNAMIC_NO_PIC = NO;
				GCC_NO_COMMON_BLOCKS = YES;
				GCC_OPTIMIZATION_LEVEL = 0;
				GCC_PREPROCESSOR_DEFINITIONS = (
					"DEBUG=1",
					"$(inherited)",
				);
				GCC_WARN_64_TO_32_BIT_CONVERSION = YES;
				GCC_WARN_ABOUT_RETURN_TYPE = YES_ERROR;
				GCC_WARN_UNDECLARED_SELECTOR = YES;
				GCC_WARN_UNINITIALIZED_AUTOS = YES_AGGRESSIVE;
				GCC_WARN_UNUSED_FUNCTION = YES;
				GCC_WARN_UNUSED_VARIABLE = YES;
				IPHONEOS_DEPLOYMENT_TARGET = 10.2;
				MTL_ENABLE_DEBUG_INFO = YES;
				ONLY_ACTIVE_ARCH = YES;
				SDKROOT = iphoneos;
				SWIFT_ACTIVE_COMPILATION_CONDITIONS = DEBUG;
				SWIFT_OPTIMIZATION_LEVEL = "-Onone";
			};
			name = Debug;
		};
		E9D8C11C1E5B2A490096B768 /* Release */ = {
			isa = XCBuildConfiguration;
			buildSettings = {
				ALWAYS_SEARCH_USER_PATHS = NO;
				CLANG_ANALYZER_NONNULL = YES;
				CLANG_CXX_LANGUAGE_STANDARD = "gnu++0x";
				CLANG_CXX_LIBRARY = "libc++";
				CLANG_ENABLE_MODULES = YES;
				CLANG_ENABLE_OBJC_ARC = YES;
				CLANG_WARN_BOOL_CONVERSION = YES;
				CLANG_WARN_CONSTANT_CONVERSION = YES;
				CLANG_WARN_DIRECT_OBJC_ISA_USAGE = YES_ERROR;
				CLANG_WARN_DOCUMENTATION_COMMENTS = YES;
				CLANG_WARN_EMPTY_BODY = YES;
				CLANG_WARN_ENUM_CONVERSION = YES;
				CLANG_WARN_INFINITE_RECURSION = YES;
				CLANG_WARN_INT_CONVERSION = YES;
				CLANG_WARN_OBJC_ROOT_CLASS = YES_ERROR;
				CLANG_WARN_SUSPICIOUS_MOVE = YES;
				CLANG_WARN_UNREACHABLE_CODE = YES;
				CLANG_WARN__DUPLICATE_METHOD_MATCH = YES;
				"CODE_SIGN_IDENTITY[sdk=iphoneos*]" = "iPhone Developer";
				COPY_PHASE_STRIP = NO;
				DEBUG_INFORMATION_FORMAT = "dwarf-with-dsym";
				ENABLE_NS_ASSERTIONS = NO;
				ENABLE_STRICT_OBJC_MSGSEND = YES;
				GCC_C_LANGUAGE_STANDARD = gnu99;
				GCC_NO_COMMON_BLOCKS = YES;
				GCC_WARN_64_TO_32_BIT_CONVERSION = YES;
				GCC_WARN_ABOUT_RETURN_TYPE = YES_ERROR;
				GCC_WARN_UNDECLARED_SELECTOR = YES;
				GCC_WARN_UNINITIALIZED_AUTOS = YES_AGGRESSIVE;
				GCC_WARN_UNUSED_FUNCTION = YES;
				GCC_WARN_UNUSED_VARIABLE = YES;
				IPHONEOS_DEPLOYMENT_TARGET = 10.2;
				MTL_ENABLE_DEBUG_INFO = NO;
				SDKROOT = iphoneos;
				SWIFT_OPTIMIZATION_LEVEL = "-Owholemodule";
				VALIDATE_PRODUCT = YES;
			};
			name = Release;
		};
		E9D8C11E1E5B2A490096B768 /* Debug */ = {
			isa = XCBuildConfiguration;
			baseConfigurationReference = 9613438D76B6E3D44A695AE1 /* Pods-MatAppen.debug.xcconfig */;
			buildSettings = {
				ASSETCATALOG_COMPILER_APPICON_NAME = AppIcon;
				DEVELOPMENT_TEAM = 8N6T6BSAZ9;
				INFOPLIST_FILE = MatAppen/Info.plist;
				LD_RUNPATH_SEARCH_PATHS = "$(inherited) @executable_path/Frameworks";
				PRODUCT_BUNDLE_IDENTIFIER = DK.MatAppen;
				PRODUCT_NAME = "$(TARGET_NAME)";
				SWIFT_VERSION = 3.0;
			};
			name = Debug;
		};
		E9D8C11F1E5B2A490096B768 /* Release */ = {
			isa = XCBuildConfiguration;
			baseConfigurationReference = 9B1CD109AB3FADD0A4D8D649 /* Pods-MatAppen.release.xcconfig */;
			buildSettings = {
				ASSETCATALOG_COMPILER_APPICON_NAME = AppIcon;
				DEVELOPMENT_TEAM = 8N6T6BSAZ9;
				INFOPLIST_FILE = MatAppen/Info.plist;
				LD_RUNPATH_SEARCH_PATHS = "$(inherited) @executable_path/Frameworks";
				PRODUCT_BUNDLE_IDENTIFIER = DK.MatAppen;
				PRODUCT_NAME = "$(TARGET_NAME)";
				SWIFT_VERSION = 3.0;
			};
			name = Release;
		};
/* End XCBuildConfiguration section */

/* Begin XCConfigurationList section */
		E9D8C1061E5B2A490096B768 /* Build configuration list for PBXProject "MatAppen" */ = {
			isa = XCConfigurationList;
			buildConfigurations = (
				E9D8C11B1E5B2A490096B768 /* Debug */,
				E9D8C11C1E5B2A490096B768 /* Release */,
			);
			defaultConfigurationIsVisible = 0;
			defaultConfigurationName = Release;
		};
		E9D8C11D1E5B2A490096B768 /* Build configuration list for PBXNativeTarget "MatAppen" */ = {
			isa = XCConfigurationList;
			buildConfigurations = (
				E9D8C11E1E5B2A490096B768 /* Debug */,
				E9D8C11F1E5B2A490096B768 /* Release */,
			);
			defaultConfigurationIsVisible = 0;
			defaultConfigurationName = Release;
		};
/* End XCConfigurationList section */
	};
	rootObject = E9D8C1031E5B2A490096B768 /* Project object */;
}
